# This file is automatically @generated by Cargo.
# It is not intended for manual editing.
[[package]]
name = "adler32"
version = "1.0.3"
source = "registry+https://github.com/rust-lang/crates.io-index"
checksum = "7e522997b529f05601e05166c07ed17789691f562762c7f3b987263d2dedee5c"

[[package]]
name = "ansi_term"
version = "0.11.0"
source = "registry+https://github.com/rust-lang/crates.io-index"
checksum = "ee49baf6cb617b853aa8d93bf420db2383fab46d314482ca2803b40d5fde979b"
dependencies = [
 "winapi",
]

[[package]]
name = "arrayvec"
version = "0.4.7"
source = "registry+https://github.com/rust-lang/crates.io-index"
checksum = "a1e964f9e24d588183fcb43503abda40d288c8657dfc27311516ce2f05675aef"
dependencies = [
 "nodrop",
]

[[package]]
name = "assert_approx_eq"
version = "1.1.0"
source = "registry+https://github.com/rust-lang/crates.io-index"
checksum = "3c07dab4369547dbe5114677b33fbbf724971019f3818172d59a97a61c774ffd"

[[package]]
name = "atty"
version = "0.2.11"
source = "registry+https://github.com/rust-lang/crates.io-index"
checksum = "9a7d5b8723950951411ee34d271d99dddcc2035a16ab25310ea2c8cfd4369652"
dependencies = [
 "libc",
 "termion",
 "winapi",
]

[[package]]
name = "autocfg"
version = "0.1.5"
source = "registry+https://github.com/rust-lang/crates.io-index"
checksum = "22130e92352b948e7e82a49cdb0aa94f2211761117f29e052dd397c1ac33542b"

[[package]]
name = "average"
version = "0.9.2"
source = "registry+https://github.com/rust-lang/crates.io-index"
checksum = "548df7a213d32f10dc7abcfa7e7547427f80a726db8d9ce760063530f887df10"
dependencies = [
 "conv",
 "float-ord",
 "num-integer",
 "num-traits",
]

[[package]]
name = "backtrace"
version = "0.3.9"
source = "registry+https://github.com/rust-lang/crates.io-index"
checksum = "89a47830402e9981c5c41223151efcced65a0510c13097c769cede7efb34782a"
dependencies = [
 "backtrace-sys",
 "cfg-if",
 "libc",
 "rustc-demangle",
 "winapi",
]

[[package]]
name = "backtrace-sys"
version = "0.1.24"
source = "registry+https://github.com/rust-lang/crates.io-index"
checksum = "c66d56ac8dabd07f6aacdaf633f4b8262f5b3601a810a0dcddffd5c22c69daa0"
dependencies = [
 "cc",
 "libc",
]

[[package]]
name = "bitflags"
version = "1.1.0"
source = "registry+https://github.com/rust-lang/crates.io-index"
checksum = "3d155346769a6855b86399e9bc3814ab343cd3d62c7e985113d46a0ec3c281fd"

[[package]]
name = "bstr"
version = "0.2.6"
source = "registry+https://github.com/rust-lang/crates.io-index"
checksum = "e0a692f1c740e7e821ca71a22cf99b9b2322dfa94d10f71443befb1797b3946a"
dependencies = [
 "lazy_static",
 "memchr",
 "regex-automata",
 "serde",
]

[[package]]
name = "byteorder"
version = "1.3.2"
source = "registry+https://github.com/rust-lang/crates.io-index"
checksum = "a7c3dd8985a7111efc5c80b44e23ecdd8c007de8ade3b96595387e812b957cf5"

[[package]]
name = "c2-chacha"
version = "0.2.3"
source = "registry+https://github.com/rust-lang/crates.io-index"
checksum = "214238caa1bf3a496ec3392968969cab8549f96ff30652c9e56885329315f6bb"
dependencies = [
 "ppv-lite86",
]

[[package]]
name = "cc"
version = "1.0.25"
source = "registry+https://github.com/rust-lang/crates.io-index"
checksum = "f159dfd43363c4d08055a07703eb7a3406b0dac4d0584d96965a3262db3c9d16"
dependencies = [
 "rayon",
]

[[package]]
name = "cfg-if"
version = "0.1.6"
source = "registry+https://github.com/rust-lang/crates.io-index"
checksum = "082bb9b28e00d3c9d39cc03e64ce4cea0f1bb9b3fde493f0cbc008472d22bdf4"

[[package]]
name = "clap"
version = "2.33.0"
source = "registry+https://github.com/rust-lang/crates.io-index"
checksum = "5067f5bb2d80ef5d68b4c87db81601f0b75bca627bc2ef76b141d7b846a3c6d9"
dependencies = [
 "ansi_term",
 "atty",
 "bitflags",
 "strsim",
 "textwrap",
 "unicode-width",
 "vec_map",
]

[[package]]
name = "cloudabi"
version = "0.0.3"
source = "registry+https://github.com/rust-lang/crates.io-index"
checksum = "ddfc5b9aa5d4507acaf872de71051dfd0e309860e88966e1051e462a077aac4f"
dependencies = [
 "bitflags",
]

[[package]]
name = "conv"
version = "0.3.3"
source = "registry+https://github.com/rust-lang/crates.io-index"
checksum = "78ff10625fd0ac447827aa30ea8b861fead473bb60aeb73af6c1c58caf0d1299"
dependencies = [
 "custom_derive",
]

[[package]]
name = "crc32fast"
version = "1.2.0"
source = "registry+https://github.com/rust-lang/crates.io-index"
checksum = "ba125de2af0df55319f41944744ad91c71113bf74a4646efff39afe1f6842db1"
dependencies = [
 "cfg-if",
]

[[package]]
name = "crossbeam-deque"
version = "0.7.1"
source = "registry+https://github.com/rust-lang/crates.io-index"
checksum = "b18cd2e169ad86297e6bc0ad9aa679aee9daa4f19e8163860faf7c164e4f5a71"
dependencies = [
 "crossbeam-epoch",
 "crossbeam-utils",
]

[[package]]
name = "crossbeam-epoch"
version = "0.7.2"
source = "registry+https://github.com/rust-lang/crates.io-index"
checksum = "fedcd6772e37f3da2a9af9bf12ebe046c0dfe657992377b4df982a2b54cd37a9"
dependencies = [
 "arrayvec",
 "cfg-if",
 "crossbeam-utils",
 "lazy_static",
 "memoffset",
 "scopeguard",
]

[[package]]
name = "crossbeam-queue"
version = "0.1.2"
source = "registry+https://github.com/rust-lang/crates.io-index"
checksum = "7c979cd6cfe72335896575c6b5688da489e420d36a27a0b9eb0c73db574b4a4b"
dependencies = [
 "crossbeam-utils",
]

[[package]]
name = "crossbeam-utils"
version = "0.6.5"
source = "registry+https://github.com/rust-lang/crates.io-index"
checksum = "f8306fcef4a7b563b76b7dd949ca48f52bc1141aa067d2ea09565f3e2652aa5c"
dependencies = [
 "cfg-if",
 "lazy_static",
]

[[package]]
name = "csv"
version = "1.1.3"
source = "registry+https://github.com/rust-lang/crates.io-index"
checksum = "00affe7f6ab566df61b4be3ce8cf16bc2576bca0963ceb0955e45d514bf9a279"
dependencies = [
 "bstr",
 "csv-core",
 "itoa",
 "ryu",
 "serde",
]

[[package]]
name = "csv-core"
version = "0.1.6"
source = "registry+https://github.com/rust-lang/crates.io-index"
checksum = "9b5cadb6b25c77aeff80ba701712494213f4a8418fcda2ee11b6560c3ad0bf4c"
dependencies = [
 "memchr",
]

[[package]]
name = "cuda-sys"
version = "0.2.1-alpha.0"
source = "git+https://github.com/LutzCle/cuda-sys?branch=cuda-10.0#c2268117e0a4d7afca42f52565bfb6fce15e4608"
dependencies = [
 "glob",
]

[[package]]
name = "custom_derive"
version = "0.1.7"
source = "registry+https://github.com/rust-lang/crates.io-index"
checksum = "ef8ae57c4978a2acd8b869ce6b9ca1dfe817bff704c220209fdef2c0b75a01b9"

[[package]]
name = "datagen"
version = "0.1.0"
dependencies = [
 "crossbeam-utils",
 "csv",
 "flate2",
 "num-traits",
 "rand 0.6.5",
 "rayon",
 "serde",
 "serde_derive",
 "structopt 0.2.18",
 "zipf",
]

[[package]]
name = "either"
version = "1.5.0"
source = "registry+https://github.com/rust-lang/crates.io-index"
checksum = "3be565ca5c557d7f59e7cfcf1844f9e3033650c929c6566f511e8005f205c1d0"

[[package]]
name = "error-chain"
version = "0.12.2"
source = "registry+https://github.com/rust-lang/crates.io-index"
checksum = "d371106cc88ffdfb1eabd7111e432da544f16f3e2d7bf1dfe8bf575f1df045cd"
dependencies = [
 "backtrace",
 "version_check",
]

[[package]]
name = "flate2"
version = "1.0.11"
source = "registry+https://github.com/rust-lang/crates.io-index"
checksum = "2adaffba6388640136149e18ed080b77a78611c1e1d6de75aedcdf78df5d4682"
dependencies = [
 "crc32fast",
 "libc",
 "libz-sys",
 "miniz_oxide",
]

[[package]]
name = "float-ord"
version = "0.2.0"
source = "registry+https://github.com/rust-lang/crates.io-index"
checksum = "7bad48618fdb549078c333a7a8528acb57af271d0433bdecd523eb620628364e"

[[package]]
name = "fuchsia-cprng"
version = "0.1.1"
source = "registry+https://github.com/rust-lang/crates.io-index"
checksum = "a06f77d526c1a601b7c4cdd98f54b5eaabffc14d5f2f0296febdc7f357c6d3ba"

[[package]]
name = "getrandom"
version = "0.1.13"
source = "registry+https://github.com/rust-lang/crates.io-index"
checksum = "e7db7ca94ed4cd01190ceee0d8a8052f08a247aa1b469a7f68c6a3b71afcf407"
dependencies = [
 "cfg-if",
 "libc",
 "wasi",
]

[[package]]
name = "glob"
version = "0.3.0"
source = "registry+https://github.com/rust-lang/crates.io-index"
checksum = "9b919933a397b79c37e33b77bb2aa3dc8eb6e165ad809e58ff75bc7db2e34574"

[[package]]
name = "hashjoin"
version = "0.1.0"
dependencies = [
 "average",
 "clap",
 "csv",
 "datagen",
 "error-chain",
 "flate2",
 "hostname 0.1.5",
 "num-rational",
 "num-traits",
 "numa-gpu",
 "rayon",
 "rustacuda",
 "serde",
 "serde_derive",
 "serde_repr",
 "sql-ops",
 "structopt 0.2.18",
]

[[package]]
name = "heck"
version = "0.3.0"
source = "registry+https://github.com/rust-lang/crates.io-index"
checksum = "ea04fa3ead4e05e51a7c806fc07271fdbde4e246a6c6d1efd52e72230b771b82"
dependencies = [
 "unicode-segmentation",
]

[[package]]
name = "hermit-abi"
version = "0.1.5"
source = "registry+https://github.com/rust-lang/crates.io-index"
checksum = "f629dc602392d3ec14bfc8a09b5e644d7ffd725102b48b81e59f90f2633621d7"
dependencies = [
 "libc",
]

[[package]]
name = "hex"
version = "0.4.0"
source = "registry+https://github.com/rust-lang/crates.io-index"
checksum = "023b39be39e3a2da62a94feb433e91e8bcd37676fbc8bea371daf52b7a769a3e"

[[package]]
name = "hostname"
version = "0.1.5"
source = "registry+https://github.com/rust-lang/crates.io-index"
checksum = "21ceb46a83a85e824ef93669c8b390009623863b5c195d1ba747292c0c72f94e"
dependencies = [
 "libc",
 "winutil",
]

[[package]]
name = "hostname"
version = "0.2.0"
source = "registry+https://github.com/rust-lang/crates.io-index"
checksum = "dc5260e6c63877196b6fca5a7fb4eaff751134045ad3415716192baa36f5b9a0"
dependencies = [
 "libc",
 "match_cfg",
 "winapi",
]

[[package]]
name = "hostname"
version = "0.3.1"
source = "registry+https://github.com/rust-lang/crates.io-index"
checksum = "3c731c3e10504cc8ed35cfe2f1db4c9274c3d35fa486e3b31df46f068ef3e867"
dependencies = [
 "libc",
 "match_cfg",
 "winapi",
]

[[package]]
name = "itertools"
version = "0.9.0"
source = "registry+https://github.com/rust-lang/crates.io-index"
checksum = "284f18f85651fe11e8a991b2adb42cb078325c996ed026d994719efcfca1d54b"
dependencies = [
 "either",
]

[[package]]
name = "itoa"
version = "0.4.4"
source = "registry+https://github.com/rust-lang/crates.io-index"
checksum = "501266b7edd0174f8530248f87f99c88fbe60ca4ef3dd486835b8d8d53136f7f"

[[package]]
name = "lazy_static"
version = "1.4.0"
source = "registry+https://github.com/rust-lang/crates.io-index"
checksum = "e2abad23fbc42b3700f2f279844dc832adb2b2eb069b2df918f455c4e18cc646"

[[package]]
name = "libc"
version = "0.2.65"
source = "registry+https://github.com/rust-lang/crates.io-index"
checksum = "1a31a0627fdf1f6a39ec0dd577e101440b7db22672c0901fe00a9a6fbb5c24e8"

[[package]]
name = "libflate"
version = "0.1.27"
source = "registry+https://github.com/rust-lang/crates.io-index"
checksum = "d9135df43b1f5d0e333385cb6e7897ecd1a43d7d11b91ac003f4d2c2d2401fdd"
dependencies = [
 "adler32",
 "crc32fast",
 "rle-decode-fast",
 "take_mut",
]

[[package]]
name = "libz-sys"
version = "1.0.25"
source = "registry+https://github.com/rust-lang/crates.io-index"
checksum = "2eb5e43362e38e2bca2fd5f5134c4d4564a23a5c28e9b95411652021a8675ebe"
dependencies = [
 "cc",
 "libc",
 "pkg-config",
 "vcpkg",
]

[[package]]
name = "match_cfg"
version = "0.1.0"
source = "registry+https://github.com/rust-lang/crates.io-index"
checksum = "ffbee8634e0d45d258acb448e7eaab3fce7a0a467395d4d9f228e3c1f01fb2e4"

[[package]]
name = "memchr"
version = "2.2.1"
source = "registry+https://github.com/rust-lang/crates.io-index"
checksum = "88579771288728879b57485cc7d6b07d648c9f0141eb955f8ab7f9d45394468e"
dependencies = [
 "libc",
]

[[package]]
name = "memoffset"
version = "0.5.2"
source = "registry+https://github.com/rust-lang/crates.io-index"
checksum = "4a85c1a8c329f11437034d7313dca647c79096523533a1c79e86f1d0f657c7cc"
dependencies = [
 "rustc_version",
]

[[package]]
name = "microbench"
version = "0.1.0"
dependencies = [
 "average",
 "cc",
 "csv",
 "cuda-sys",
 "hostname 0.3.1",
 "libc",
 "numa-gpu",
 "nvml-wrapper",
 "rayon",
 "rustacuda",
 "serde",
 "serde_derive",
 "structopt 0.3.5",
]

[[package]]
name = "miniz_oxide"
version = "0.3.2"
source = "registry+https://github.com/rust-lang/crates.io-index"
checksum = "7108aff85b876d06f22503dcce091e29f76733b2bfdd91eebce81f5e68203a10"
dependencies = [
 "adler32",
]

[[package]]
name = "nodrop"
version = "0.1.13"
source = "registry+https://github.com/rust-lang/crates.io-index"
checksum = "2f9667ddcc6cc8a43afc9b7917599d7216aa09c463919ea32c59ed6cac8bc945"

[[package]]
name = "num-bigint"
version = "0.2.2"
source = "registry+https://github.com/rust-lang/crates.io-index"
checksum = "57450397855d951f1a41305e54851b1a7b8f5d2e349543a02a2effe25459f718"
dependencies = [
 "num-integer",
 "num-traits",
]

[[package]]
name = "num-integer"
version = "0.1.39"
source = "registry+https://github.com/rust-lang/crates.io-index"
checksum = "e83d528d2677f0518c570baf2b7abdcf0cd2d248860b68507bdcb3e91d4c0cea"
dependencies = [
 "num-traits",
]

[[package]]
name = "num-rational"
version = "0.2.2"
source = "registry+https://github.com/rust-lang/crates.io-index"
checksum = "f2885278d5fe2adc2f75ced642d52d879bffaceb5a2e0b1d4309ffdfb239b454"
dependencies = [
 "autocfg",
 "num-bigint",
 "num-integer",
 "num-traits",
]

[[package]]
name = "num-traits"
version = "0.2.8"
source = "registry+https://github.com/rust-lang/crates.io-index"
checksum = "6ba9a427cfca2be13aa6f6403b0b7e7368fe982bfa16fccc450ce74c46cd9b32"
dependencies = [
 "autocfg",
]

[[package]]
name = "num_cpus"
version = "1.11.1"
source = "registry+https://github.com/rust-lang/crates.io-index"
checksum = "76dac5ed2a876980778b8b85f75a71b6cbf0db0b1232ee12f826bccb00d09d72"
dependencies = [
 "hermit-abi",
 "libc",
]

[[package]]
name = "numa-gpu"
version = "0.1.0"
dependencies = [
 "assert_approx_eq",
 "bitflags",
 "crossbeam-utils",
 "cuda-sys",
 "error-chain",
 "libc",
 "num-rational",
 "num-traits",
 "nvml-wrapper",
 "procfs",
 "rayon",
 "rustacuda",
]

[[package]]
name = "nvml-wrapper"
version = "0.5.0"
source = "registry+https://github.com/rust-lang/crates.io-index"
checksum = "546d152e9e9c7c33d18a3c4a9abcf7090d29d88a5b3a58a5877bff917565c392"
dependencies = [
 "bitflags",
 "error-chain",
 "nvml-wrapper-sys",
 "serde",
 "wrapcenum-derive",
]

[[package]]
name = "nvml-wrapper-sys"
version = "0.4.1"
source = "registry+https://github.com/rust-lang/crates.io-index"
checksum = "cf3e197c8eb4f4bb4521eaeee3a25695b419686bf490e77e1324e1a9f5819a1c"

[[package]]
name = "paste"
version = "0.1.5"
source = "registry+https://github.com/rust-lang/crates.io-index"
checksum = "1f4a4a1c555c6505821f9d58b8779d0f630a6b7e4e1be24ba718610acf01fa79"
dependencies = [
 "paste-impl",
 "proc-macro-hack",
]

[[package]]
name = "paste-impl"
version = "0.1.5"
source = "registry+https://github.com/rust-lang/crates.io-index"
checksum = "26e796e623b8b257215f27e6c80a5478856cae305f5b59810ff9acdaa34570e6"
dependencies = [
 "proc-macro-hack",
 "proc-macro2 0.4.23",
 "quote 0.6.10",
 "syn 0.15.20",
]

[[package]]
name = "pkg-config"
version = "0.3.15"
source = "registry+https://github.com/rust-lang/crates.io-index"
checksum = "a7c1d2cfa5a714db3b5f24f0915e74fcdf91d09d496ba61329705dda7774d2af"

[[package]]
name = "ppv-lite86"
version = "0.2.6"
source = "registry+https://github.com/rust-lang/crates.io-index"
checksum = "74490b50b9fbe561ac330df47c08f3f33073d2d00c150f719147d7c54522fa1b"

[[package]]
name = "proc-macro-error"
version = "0.2.6"
source = "registry+https://github.com/rust-lang/crates.io-index"
checksum = "aeccfe4d5d8ea175d5f0e4a2ad0637e0f4121d63bd99d356fb1f39ab2e7c6097"
dependencies = [
 "proc-macro2 1.0.24",
 "quote 1.0.2",
 "syn 1.0.48",
]

[[package]]
name = "proc-macro-hack"
version = "0.5.4"
source = "registry+https://github.com/rust-lang/crates.io-index"
checksum = "3e90aa19cd73dedc2d0e1e8407473f073d735fef0ab521438de6da8ee449ab66"
dependencies = [
 "proc-macro2 0.4.23",
 "quote 0.6.10",
 "syn 0.15.20",
]

[[package]]
name = "proc-macro2"
version = "0.4.23"
source = "registry+https://github.com/rust-lang/crates.io-index"
checksum = "88dae56b29da695d783ea7fc5a90de281f79eb38407e77f6d674dd8befc4ac47"
dependencies = [
 "unicode-xid 0.1.0",
]

[[package]]
name = "proc-macro2"
version = "1.0.24"
source = "registry+https://github.com/rust-lang/crates.io-index"
checksum = "1e0704ee1a7e00d7bb417d0770ea303c1bccbabf0ef1667dae92b5967f5f8a71"
dependencies = [
 "unicode-xid 0.2.0",
]

[[package]]
name = "procfs"
version = "0.7.2"
source = "registry+https://github.com/rust-lang/crates.io-index"
checksum = "a7f9eaa7f908f86a2b2ebd0e7ba531937902378c4ead9533f4319d7c94bab019"
dependencies = [
 "bitflags",
 "byteorder",
 "hex",
 "lazy_static",
 "libc",
 "libflate",
]

[[package]]
name = "quote"
version = "0.3.15"
source = "registry+https://github.com/rust-lang/crates.io-index"
checksum = "7a6e920b65c65f10b2ae65c831a81a073a89edd28c7cce89475bff467ab4167a"

[[package]]
name = "quote"
version = "0.6.10"
source = "registry+https://github.com/rust-lang/crates.io-index"
checksum = "53fa22a1994bd0f9372d7a816207d8a2677ad0325b073f5c5332760f0fb62b5c"
dependencies = [
 "proc-macro2 0.4.23",
]

[[package]]
name = "quote"
version = "1.0.2"
source = "registry+https://github.com/rust-lang/crates.io-index"
checksum = "053a8c8bcc71fcce321828dc897a98ab9760bef03a4fc36693c231e5b3216cfe"
dependencies = [
 "proc-macro2 1.0.24",
]

[[package]]
name = "rand"
version = "0.6.5"
source = "registry+https://github.com/rust-lang/crates.io-index"
checksum = "6d71dacdc3c88c1fde3885a3be3fbab9f35724e6ce99467f7d9c5026132184ca"
dependencies = [
 "autocfg",
 "libc",
 "rand_chacha 0.1.1",
 "rand_core 0.4.0",
 "rand_hc 0.1.0",
 "rand_isaac",
 "rand_jitter",
 "rand_os",
 "rand_pcg",
 "rand_xorshift",
 "winapi",
]

[[package]]
name = "rand"
version = "0.7.3"
source = "registry+https://github.com/rust-lang/crates.io-index"
checksum = "6a6b1679d49b24bbfe0c803429aa1874472f50d9b363131f0e89fc356b544d03"
dependencies = [
 "getrandom",
 "libc",
 "rand_chacha 0.2.1",
 "rand_core 0.5.1",
 "rand_hc 0.2.0",
]

[[package]]
name = "rand_chacha"
version = "0.1.1"
source = "registry+https://github.com/rust-lang/crates.io-index"
checksum = "556d3a1ca6600bfcbab7c7c91ccb085ac7fbbcd70e008a98742e7847f4f7bcef"
dependencies = [
 "autocfg",
 "rand_core 0.3.1",
]

[[package]]
name = "rand_chacha"
version = "0.2.1"
source = "registry+https://github.com/rust-lang/crates.io-index"
checksum = "03a2a90da8c7523f554344f921aa97283eadf6ac484a6d2a7d0212fa7f8d6853"
dependencies = [
 "c2-chacha",
 "rand_core 0.5.1",
]

[[package]]
name = "rand_core"
version = "0.3.1"
source = "registry+https://github.com/rust-lang/crates.io-index"
checksum = "7a6fdeb83b075e8266dcc8762c22776f6877a63111121f5f8c7411e5be7eed4b"
dependencies = [
 "rand_core 0.4.0",
]

[[package]]
name = "rand_core"
version = "0.4.0"
source = "registry+https://github.com/rust-lang/crates.io-index"
checksum = "d0e7a549d590831370895ab7ba4ea0c1b6b011d106b5ff2da6eee112615e6dc0"

[[package]]
name = "rand_core"
version = "0.5.1"
source = "registry+https://github.com/rust-lang/crates.io-index"
checksum = "90bde5296fc891b0cef12a6d03ddccc162ce7b2aff54160af9338f8d40df6d19"
dependencies = [
 "getrandom",
]

[[package]]
name = "rand_distr"
version = "0.2.2"
source = "registry+https://github.com/rust-lang/crates.io-index"
checksum = "96977acbdd3a6576fb1d27391900035bf3863d4a16422973a409b488cf29ffb2"
dependencies = [
 "rand 0.7.3",
]

[[package]]
name = "rand_hc"
version = "0.1.0"
source = "registry+https://github.com/rust-lang/crates.io-index"
checksum = "7b40677c7be09ae76218dc623efbf7b18e34bced3f38883af07bb75630a21bc4"
dependencies = [
 "rand_core 0.3.1",
]

[[package]]
name = "rand_hc"
version = "0.2.0"
source = "registry+https://github.com/rust-lang/crates.io-index"
checksum = "ca3129af7b92a17112d59ad498c6f81eaf463253766b90396d39ea7a39d6613c"
dependencies = [
 "rand_core 0.5.1",
]

[[package]]
name = "rand_isaac"
version = "0.1.1"
source = "registry+https://github.com/rust-lang/crates.io-index"
checksum = "ded997c9d5f13925be2a6fd7e66bf1872597f759fd9dd93513dd7e92e5a5ee08"
dependencies = [
 "rand_core 0.3.1",
]

[[package]]
name = "rand_jitter"
version = "0.1.3"
source = "registry+https://github.com/rust-lang/crates.io-index"
checksum = "7b9ea758282efe12823e0d952ddb269d2e1897227e464919a554f2a03ef1b832"
dependencies = [
 "libc",
 "rand_core 0.4.0",
 "winapi",
]

[[package]]
name = "rand_os"
version = "0.1.3"
source = "registry+https://github.com/rust-lang/crates.io-index"
checksum = "7b75f676a1e053fc562eafbb47838d67c84801e38fc1ba459e8f180deabd5071"
dependencies = [
 "cloudabi",
 "fuchsia-cprng",
 "libc",
 "rand_core 0.4.0",
 "rdrand",
 "winapi",
]

[[package]]
name = "rand_pcg"
version = "0.1.2"
source = "registry+https://github.com/rust-lang/crates.io-index"
checksum = "abf9b09b01790cfe0364f52bf32995ea3c39f4d2dd011eac241d2914146d0b44"
dependencies = [
 "autocfg",
 "rand_core 0.4.0",
]

[[package]]
name = "rand_xorshift"
version = "0.1.1"
source = "registry+https://github.com/rust-lang/crates.io-index"
checksum = "cbf7e9e623549b0e21f6e97cf8ecf247c1a8fd2e8a992ae265314300b2455d5c"
dependencies = [
 "rand_core 0.3.1",
]

[[package]]
name = "rayon"
version = "1.2.0"
source = "registry+https://github.com/rust-lang/crates.io-index"
checksum = "83a27732a533a1be0a0035a111fe76db89ad312f6f0347004c220c57f209a123"
dependencies = [
 "crossbeam-deque",
 "either",
 "rayon-core",
]

[[package]]
name = "rayon-core"
version = "1.6.0"
source = "registry+https://github.com/rust-lang/crates.io-index"
checksum = "98dcf634205083b17d0861252431eb2acbfb698ab7478a2d20de07954f47ec7b"
dependencies = [
 "crossbeam-deque",
 "crossbeam-queue",
 "crossbeam-utils",
 "lazy_static",
 "num_cpus",
]

[[package]]
name = "rdrand"
version = "0.4.0"
source = "registry+https://github.com/rust-lang/crates.io-index"
checksum = "678054eb77286b51581ba43620cc911abf02758c91f93f479767aed0f90458b2"
dependencies = [
 "rand_core 0.3.1",
]

[[package]]
name = "redox_syscall"
version = "0.1.40"
source = "registry+https://github.com/rust-lang/crates.io-index"
checksum = "c214e91d3ecf43e9a4e41e578973adeb14b474f2bee858742d127af75a0112b1"

[[package]]
name = "redox_termios"
version = "0.1.1"
source = "registry+https://github.com/rust-lang/crates.io-index"
checksum = "7e891cfe48e9100a70a3b6eb652fef28920c117d366339687bd5576160db0f76"
dependencies = [
 "redox_syscall",
]

[[package]]
name = "regex-automata"
version = "0.1.8"
source = "registry+https://github.com/rust-lang/crates.io-index"
checksum = "92b73c2a1770c255c240eaa4ee600df1704a38dc3feaa6e949e7fcd4f8dc09f9"
dependencies = [
 "byteorder",
]

[[package]]
name = "rle-decode-fast"
version = "1.0.1"
source = "registry+https://github.com/rust-lang/crates.io-index"
checksum = "cabe4fa914dec5870285fa7f71f602645da47c486e68486d2b4ceb4a343e90ac"

[[package]]
name = "rustacuda"
version = "0.1.1"
source = "git+https://github.com/LutzCle/RustaCUDA?branch=custom_mods#cc20ddcde19cf9381b613246794ddb830bd57a47"
dependencies = [
 "bitflags",
 "cuda-sys",
 "rustacuda_core",
 "rustacuda_derive",
]

[[package]]
name = "rustacuda_core"
version = "0.1.1"
source = "git+https://github.com/LutzCle/RustaCUDA?branch=custom_mods#cc20ddcde19cf9381b613246794ddb830bd57a47"

[[package]]
name = "rustacuda_derive"
version = "0.1.1"
source = "git+https://github.com/LutzCle/RustaCUDA?branch=custom_mods#cc20ddcde19cf9381b613246794ddb830bd57a47"
dependencies = [
 "proc-macro2 0.4.23",
 "quote 0.6.10",
 "syn 0.15.20",
]

[[package]]
name = "rustc-demangle"
version = "0.1.9"
source = "registry+https://github.com/rust-lang/crates.io-index"
checksum = "bcfe5b13211b4d78e5c2cadfebd7769197d95c639c35a50057eb4c05de811395"

[[package]]
name = "rustc_version"
version = "0.2.3"
source = "registry+https://github.com/rust-lang/crates.io-index"
checksum = "138e3e0acb6c9fb258b19b67cb8abd63c00679d2851805ea151465464fe9030a"
dependencies = [
 "semver",
]

[[package]]
name = "ryu"
version = "1.0.0"
source = "registry+https://github.com/rust-lang/crates.io-index"
checksum = "c92464b447c0ee8c4fb3824ecc8383b81717b9f1e74ba2e72540aef7b9f82997"

[[package]]
name = "scopeguard"
version = "1.0.0"
source = "registry+https://github.com/rust-lang/crates.io-index"
checksum = "b42e15e59b18a828bbf5c58ea01debb36b9b096346de35d941dcb89009f24a0d"

[[package]]
name = "semver"
version = "0.9.0"
source = "registry+https://github.com/rust-lang/crates.io-index"
checksum = "1d7eb9ef2c18661902cc47e535f9bc51b78acd254da71d375c2f6720d9a40403"
dependencies = [
 "semver-parser",
]

[[package]]
name = "semver-parser"
version = "0.7.0"
source = "registry+https://github.com/rust-lang/crates.io-index"
checksum = "388a1df253eca08550bef6c72392cfe7c30914bf41df5269b68cbd6ff8f570a3"

[[package]]
name = "serde"
version = "1.0.117"
source = "registry+https://github.com/rust-lang/crates.io-index"
checksum = "b88fa983de7720629c9387e9f517353ed404164b1e482c970a90c1a4aaf7dc1a"
dependencies = [
 "serde_derive",
]

[[package]]
name = "serde_derive"
version = "1.0.117"
source = "registry+https://github.com/rust-lang/crates.io-index"
checksum = "cbd1ae72adb44aab48f325a02444a5fc079349a8d804c1fc922aed3f7454c74e"
dependencies = [
 "proc-macro2 1.0.24",
 "quote 1.0.2",
 "syn 1.0.48",
]

[[package]]
name = "serde_repr"
version = "0.1.3"
source = "registry+https://github.com/rust-lang/crates.io-index"
checksum = "27eea49bc616621e68d4de38110ff9e18ab8bd4c61dae48c477e85587571afc1"
dependencies = [
 "proc-macro2 0.4.23",
 "quote 0.6.10",
 "syn 0.15.20",
]

[[package]]
name = "sql-ops"
version = "0.1.0"
dependencies = [
 "cc",
 "csv",
 "cuda-sys",
 "datagen",
 "hostname 0.2.0",
 "itertools",
 "libc",
 "num-rational",
 "num-traits",
 "num_cpus",
 "numa-gpu",
 "paste",
 "rand 0.7.3",
 "rayon",
 "rustacuda",
 "serde",
 "serde_derive",
 "serde_repr",
 "structopt 0.3.5",
]

[[package]]
name = "strsim"
version = "0.8.0"
source = "registry+https://github.com/rust-lang/crates.io-index"
checksum = "8ea5119cdb4c55b55d432abb513a0429384878c15dde60cc77b1c99de1a95a6a"

[[package]]
name = "structopt"
version = "0.2.18"
source = "registry+https://github.com/rust-lang/crates.io-index"
checksum = "16c2cdbf9cc375f15d1b4141bc48aeef444806655cd0e904207edc8d68d86ed7"
dependencies = [
 "clap",
 "structopt-derive 0.2.18",
]

[[package]]
name = "structopt"
version = "0.3.5"
source = "registry+https://github.com/rust-lang/crates.io-index"
checksum = "30b3a3e93f5ad553c38b3301c8a0a0cec829a36783f6a0c467fc4bf553a5f5bf"
dependencies = [
 "clap",
 "structopt-derive 0.3.5",
]

[[package]]
name = "structopt-derive"
version = "0.2.18"
source = "registry+https://github.com/rust-lang/crates.io-index"
checksum = "53010261a84b37689f9ed7d395165029f9cc7abb9f56bbfe86bee2597ed25107"
dependencies = [
 "heck",
 "proc-macro2 0.4.23",
 "quote 0.6.10",
 "syn 0.15.20",
]

[[package]]
name = "structopt-derive"
version = "0.3.5"
source = "registry+https://github.com/rust-lang/crates.io-index"
checksum = "ea692d40005b3ceba90a9fe7a78fa8d4b82b0ce627eebbffc329aab850f3410e"
dependencies = [
 "heck",
 "proc-macro-error",
 "proc-macro2 1.0.24",
 "quote 1.0.2",
 "syn 1.0.48",
]

[[package]]
name = "syn"
version = "0.11.11"
source = "registry+https://github.com/rust-lang/crates.io-index"
checksum = "d3b891b9015c88c576343b9b3e41c2c11a51c219ef067b264bd9c8aa9b441dad"
dependencies = [
 "quote 0.3.15",
 "synom",
 "unicode-xid 0.0.4",
]

[[package]]
name = "syn"
version = "0.15.20"
source = "registry+https://github.com/rust-lang/crates.io-index"
checksum = "8886c8d2774e853fcd7d9d2131f6e40ba46c9c0e358e4d57178452abd6859bb0"
dependencies = [
 "proc-macro2 0.4.23",
 "quote 0.6.10",
 "unicode-xid 0.1.0",
]

[[package]]
name = "syn"
version = "1.0.48"
source = "registry+https://github.com/rust-lang/crates.io-index"
checksum = "cc371affeffc477f42a221a1e4297aedcea33d47d19b61455588bd9d8f6b19ac"
dependencies = [
 "proc-macro2 1.0.24",
 "quote 1.0.2",
 "unicode-xid 0.2.0",
]

[[package]]
name = "synom"
version = "0.11.3"
source = "registry+https://github.com/rust-lang/crates.io-index"
checksum = "a393066ed9010ebaed60b9eafa373d4b1baac186dd7e008555b0f702b51945b6"
dependencies = [
 "unicode-xid 0.0.4",
]

[[package]]
name = "take_mut"
version = "0.2.2"
source = "registry+https://github.com/rust-lang/crates.io-index"
checksum = "f764005d11ee5f36500a149ace24e00e3da98b0158b3e2d53a7495660d3f4d60"

[[package]]
name = "termion"
version = "1.5.1"
source = "registry+https://github.com/rust-lang/crates.io-index"
checksum = "689a3bdfaab439fd92bc87df5c4c78417d3cbe537487274e9b0b2dce76e92096"
dependencies = [
 "libc",
 "redox_syscall",
 "redox_termios",
]

[[package]]
name = "textwrap"
version = "0.11.0"
source = "registry+https://github.com/rust-lang/crates.io-index"
checksum = "d326610f408c7a4eb6f51c37c330e496b08506c9457c9d34287ecc38809fb060"
dependencies = [
 "unicode-width",
]

[[package]]
name = "tpch-bench"
version = "0.1.0"
dependencies = [
 "cc",
 "csv",
 "datagen",
 "hostname 0.1.5",
 "num-rational",
 "numa-gpu",
 "rand 0.7.3",
 "rand_distr",
 "rayon",
 "rustacuda",
 "serde",
 "serde_derive",
 "sql-ops",
 "structopt 0.2.18",
]

[[package]]
name = "unicode-segmentation"
version = "1.2.1"
source = "registry+https://github.com/rust-lang/crates.io-index"
checksum = "aa6024fc12ddfd1c6dbc14a80fa2324d4568849869b779f6bd37e5e4c03344d1"

[[package]]
name = "unicode-width"
version = "0.1.5"
source = "registry+https://github.com/rust-lang/crates.io-index"
checksum = "882386231c45df4700b275c7ff55b6f3698780a650026380e72dabe76fa46526"

[[package]]
name = "unicode-xid"
version = "0.0.4"
source = "registry+https://github.com/rust-lang/crates.io-index"
checksum = "8c1f860d7d29cf02cb2f3f359fd35991af3d30bac52c57d265a3c461074cb4dc"

[[package]]
name = "unicode-xid"
version = "0.1.0"
source = "registry+https://github.com/rust-lang/crates.io-index"
checksum = "fc72304796d0818e357ead4e000d19c9c174ab23dc11093ac919054d20a6a7fc"

[[package]]
name = "unicode-xid"
version = "0.2.0"
source = "registry+https://github.com/rust-lang/crates.io-index"
checksum = "826e7639553986605ec5979c7dd957c7895e93eabed50ab2ffa7f6128a75097c"

[[package]]
name = "vcpkg"
version = "0.2.7"
source = "registry+https://github.com/rust-lang/crates.io-index"
checksum = "33dd455d0f96e90a75803cfeb7f948768c08d70a6de9a8d2362461935698bf95"

[[package]]
name = "vec_map"
version = "0.8.1"
source = "registry+https://github.com/rust-lang/crates.io-index"
checksum = "05c78687fb1a80548ae3250346c3db86a80a7cdd77bda190189f2d0a0987c81a"

[[package]]
name = "version_check"
version = "0.9.1"
source = "registry+https://github.com/rust-lang/crates.io-index"
checksum = "078775d0255232fb988e6fccf26ddc9d1ac274299aaedcedce21c6f72cc533ce"

[[package]]
name = "wasi"
version = "0.7.0"
source = "registry+https://github.com/rust-lang/crates.io-index"
checksum = "b89c3ce4ce14bdc6fb6beaf9ec7928ca331de5df7e5ea278375642a2f478570d"

[[package]]
name = "winapi"
version = "0.3.6"
source = "registry+https://github.com/rust-lang/crates.io-index"
checksum = "92c1eb33641e276cfa214a0522acad57be5c56b10cb348b3c5117db75f3ac4b0"
dependencies = [
 "winapi-i686-pc-windows-gnu",
 "winapi-x86_64-pc-windows-gnu",
]

[[package]]
name = "winapi-i686-pc-windows-gnu"
version = "0.4.0"
source = "registry+https://github.com/rust-lang/crates.io-index"
checksum = "ac3b87c63620426dd9b991e5ce0329eff545bccbbb34f3be09ff6fb6ab51b7b6"

[[package]]
name = "winapi-x86_64-pc-windows-gnu"
version = "0.4.0"
source = "registry+https://github.com/rust-lang/crates.io-index"
checksum = "712e227841d057c1ee1cd2fb22fa7e5a5461ae8e48fa2ca79ec42cfc1931183f"

[[package]]
name = "winutil"
version = "0.1.1"
source = "registry+https://github.com/rust-lang/crates.io-index"
checksum = "7daf138b6b14196e3830a588acf1e86966c694d3e8fb026fb105b8b5dca07e6e"
dependencies = [
 "winapi",
]

[[package]]
name = "wrapcenum-derive"
version = "0.3.0"
source = "registry+https://github.com/rust-lang/crates.io-index"
checksum = "fb54cc7df51a9b815d2603b92f913e0f539ba096b9d2d945a2e6585b24476dbf"
dependencies = [
 "quote 0.3.15",
 "syn 0.11.11",
]

[[package]]
name = "zipf"
version = "5.0.1"
source = "registry+https://github.com/rust-lang/crates.io-index"
checksum = "2057772d87bedea0efd93842ee0e0f52fc0c313c556d5fa8ee787771c051a61f"
dependencies = [
 "rand 0.6.5",
]
